
Microsoft Visual Studio Solution File, Format Version 12.00
# Visual Studio Version 17
VisualStudioVersion = 17.2.32526.322
MinimumVisualStudioVersion = 10.0.40219.1
Project("{9A19103F-16F7-4668-BE54-9A1E7A4F7556}") = "Permutation", "Permutation\Permutation.csproj", "{AE9760C5-E79D-4AC0-B03E-28C83FB4887D}"
EndProject
Project("{FAE04EC0-301F-11D3-BF4B-00C04F79EFBC}") = "Zadachi za tochki", "Zadachi za tochki\Zadachi za tochki.csproj", "{550CFF1E-9BF5-4A32-8BC0-D01A8D063BB3}"
EndProject
Global
	GlobalSection(SolutionConfigurationPlatforms) = preSolution
		Debug|Any CPU = Debug|Any CPU
		Release|Any CPU = Release|Any CPU
	EndGlobalSection
	GlobalSection(ProjectConfigurationPlatforms) = postSolution
		{AE9760C5-E79D-4AC0-B03E-28C83FB4887D}.Debug|Any CPU.ActiveCfg = Debug|Any CPU
		{AE9760C5-E79D-4AC0-B03E-28C83FB4887D}.Debug|Any CPU.Build.0 = Debug|Any CPU
		{AE9760C5-E79D-4AC0-B03E-28C83FB4887D}.Release|Any CPU.ActiveCfg = Release|Any CPU
		{AE9760C5-E79D-4AC0-B03E-28C83FB4887D}.Release|Any CPU.Build.0 = Release|Any CPU
		{550CFF1E-9BF5-4A32-8BC0-D01A8D063BB3}.Debug|Any CPU.ActiveCfg = Debug|Any CPU
		{550CFF1E-9BF5-4A32-8BC0-D01A8D063BB3}.Debug|Any CPU.Build.0 = Debug|Any CPU
		{550CFF1E-9BF5-4A32-8BC0-D01A8D063BB3}.Release|Any CPU.ActiveCfg = Release|Any CPU
		{550CFF1E-9BF5-4A32-8BC0-D01A8D063BB3}.Release|Any CPU.Build.0 = Release|Any CPU
	EndGlobalSection
	GlobalSection(SolutionProperties) = preSolution
		HideSolutionNode = FALSE
	EndGlobalSection
	GlobalSection(ExtensibilityGlobals) = postSolution
		SolutionGuid = {5B01D55C-18AE-44AD-A4E1-733FFAD8911D}
	EndGlobalSection
EndGlobal
